<?xml version="1.0" encoding="utf-8"?>
<Project ToolsVersion="4.0" xmlns="http://schemas.microsoft.com/developer/msbuild/2003">
  <ItemGroup>
    <Filter Include="Source Files">
      <UniqueIdentifier>{4FC737F1-C7A5-4376-A066-2A32D752A2FF}</UniqueIdentifier>
      <Extensions>cpp;c;cc;cxx;def;odl;idl;hpj;bat;asm;asmx</Extensions>
    </Filter>
    <Filter Include="Header Files">
      <UniqueIdentifier>{93995380-89BD-4b04-88EB-625FBE52EBFB}</UniqueIdentifier>
      <Extensions>h;hpp;hxx;hm;inl;inc;xsd</Extensions>
    </Filter>
    <Filter Include="Resource Files">
      <UniqueIdentifier>{67DA6AB6-F800-4c08-8B7A-83BB121AAD01}</UniqueIdentifier>
      <Extensions>rc;ico;cur;bmp;dlg;rc2;rct;bin;rgs;gif;jpg;jpeg;jpe;resx;tiff;tif;png;wav</Extensions>
    </Filter>
  </ItemGroup>
  <ItemGroup>
    <ClCompile Include="AngularMeter.cpp">
      <Filter>Source Files</Filter>
    </ClCompile>
    <ClCompile Include="AngularRegulator.cpp">
      <Filter>Source Files</Filter>
    </ClCompile>
    <ClCompile Include="BitmapButton.cpp">
      <Filter>Source Files</Filter>
    </ClCompile>
    <ClCompile Include="BmpCheckBox.cpp">
      <Filter>Source Files</Filter>
    </ClCompile>
    <ClCompile Include="BmpSwitcher.cpp">
      <Filter>Source Files</Filter>
    </ClCompile>
    <ClCompile Include="kwxNewWidget.cpp">
      <Filter>Source Files</Filter>
    </ClCompile>
    <ClCompile Include="LCDClock.cpp">
      <Filter>Source Files</Filter>
    </ClCompile>
    <ClCompile Include="LCDWindow.cpp">
      <Filter>Source Files</Filter>
    </ClCompile>
    <ClCompile Include="LinearMeter.cpp">
      <Filter>Source Files</Filter>
    </ClCompile>
    <ClCompile Include="LinearRegulator.cpp">
      <Filter>Source Files</Filter>
    </ClCompile>
    <ClCompile Include="TestdcApp.cpp">
      <Filter>Source Files</Filter>
    </ClCompile>
    <ClCompile Include="TestdcFrm.cpp">
      <Filter>Source Files</Filter>
    </ClCompile>
    <ClCompile Include="TimeAlarm.cpp">
      <Filter>Source Files</Filter>
    </ClCompile>
    <ClCompile Include="wxprec.cpp">
      <Filter>Source Files</Filter>
    </ClCompile>
  </ItemGroup>
  <ItemGroup>
    <ClInclude Include="AngularMeter.h">
      <Filter>Header Files</Filter>
    </ClInclude>
    <ClInclude Include="AngularRegulator.h">
      <Filter>Header Files</Filter>
    </ClInclude>
    <ClInclude Include="BitmapButton.h">
      <Filter>Header Files</Filter>
    </ClInclude>
    <ClInclude Include="BmpCheckBox.h">
      <Filter>Header Files</Filter>
    </ClInclude>
    <ClInclude Include="BmpSwitcher.h">
      <Filter>Header Files</Filter>
    </ClInclude>
    <ClInclude Include="KPrec.h">
      <Filter>Header Files</Filter>
    </ClInclude>
    <ClInclude Include="kwic_pch.h">
      <Filter>Header Files</Filter>
    </ClInclude>
    <ClInclude Include="kwxNewWidget.h">
      <Filter>Header Files</Filter>
    </ClInclude>
    <ClInclude Include="LCDClock.h">
      <Filter>Header Files</Filter>
    </ClInclude>
    <ClInclude Include="LCDWindow.h">
      <Filter>Header Files</Filter>
    </ClInclude>
    <ClInclude Include="LinearMeter.h">
      <Filter>Header Files</Filter>
    </ClInclude>
    <ClInclude Include="LinearRegulator.h">
      <Filter>Header Files</Filter>
    </ClInclude>
    <ClInclude Include="resource.h">
      <Filter>Header Files</Filter>
    </ClInclude>
    <ClInclude Include="TestdcApp.h">
      <Filter>Header Files</Filter>
    </ClInclude>
    <ClInclude Include="TestdcFrm.h">
      <Filter>Header Files</Filter>
    </ClInclude>
    <ClInclude Include="TimeAlarm.h">
      <Filter>Header Files</Filter>
    </ClInclude>
    <ClInclude Include="wx_pch.h">
      <Filter>Header Files</Filter>
    </ClInclude>
  </ItemGroup>
  <ItemGroup>
    <ResourceCompile Include="Testdc.rc">
      <Filter>Resource Files</Filter>
    </ResourceCompile>
  </ItemGroup>
</Project>